
Microsoft Visual Studio Solution File, Format Version 12.00
# Visual Studio 15
VisualStudioVersion = 15.0.26124.0
MinimumVisualStudioVersion = 15.0.26124.0
Project("{FAE04EC0-301F-11D3-BF4B-00C04F79EFBC}") = "R5T.NetStandard.IO.Paths.Base.Construction", "R5T.NetStandard.IO.Paths.Base.Construction\R5T.NetStandard.IO.Paths.Base.Construction.csproj", "{6DEBBD54-2E8D-47F9-B6D6-B7DA7B4E624A}"
EndProject
Project("{FAE04EC0-301F-11D3-BF4B-00C04F79EFBC}") = "R5T.NetStandard.IO.Paths.Base", "R5T.NetStandard.IO.Paths.Base\R5T.NetStandard.IO.Paths.Base.csproj", "{220982ED-E29A-41BC-944B-A1EB533492CD}"
EndProject
Project("{FAE04EC0-301F-11D3-BF4B-00C04F79EFBC}") = "R5T.NetStandard.IO.Paths.Base.Testing", "R5T.NetStandard.IO.Paths.Base.Testing\R5T.NetStandard.IO.Paths.Base.Testing.csproj", "{48264709-BA89-46DC-83C8-4F0ADFB2A687}"
EndProject
Global
	GlobalSection(SolutionConfigurationPlatforms) = preSolution
		Debug|Any CPU = Debug|Any CPU
		Debug|x64 = Debug|x64
		Debug|x86 = Debug|x86
		Release|Any CPU = Release|Any CPU
		Release|x64 = Release|x64
		Release|x86 = Release|x86
	EndGlobalSection
	GlobalSection(SolutionProperties) = preSolution
		HideSolutionNode = FALSE
	EndGlobalSection
	GlobalSection(ProjectConfigurationPlatforms) = postSolution
		{6DEBBD54-2E8D-47F9-B6D6-B7DA7B4E624A}.Debug|Any CPU.ActiveCfg = Debug|Any CPU
		{6DEBBD54-2E8D-47F9-B6D6-B7DA7B4E624A}.Debug|Any CPU.Build.0 = Debug|Any CPU
		{6DEBBD54-2E8D-47F9-B6D6-B7DA7B4E624A}.Debug|x64.ActiveCfg = Debug|Any CPU
		{6DEBBD54-2E8D-47F9-B6D6-B7DA7B4E624A}.Debug|x64.Build.0 = Debug|Any CPU
		{6DEBBD54-2E8D-47F9-B6D6-B7DA7B4E624A}.Debug|x86.ActiveCfg = Debug|Any CPU
		{6DEBBD54-2E8D-47F9-B6D6-B7DA7B4E624A}.Debug|x86.Build.0 = Debug|Any CPU
		{6DEBBD54-2E8D-47F9-B6D6-B7DA7B4E624A}.Release|Any CPU.ActiveCfg = Release|Any CPU
		{6DEBBD54-2E8D-47F9-B6D6-B7DA7B4E624A}.Release|Any CPU.Build.0 = Release|Any CPU
		{6DEBBD54-2E8D-47F9-B6D6-B7DA7B4E624A}.Release|x64.ActiveCfg = Release|Any CPU
		{6DEBBD54-2E8D-47F9-B6D6-B7DA7B4E624A}.Release|x64.Build.0 = Release|Any CPU
		{6DEBBD54-2E8D-47F9-B6D6-B7DA7B4E624A}.Release|x86.ActiveCfg = Release|Any CPU
		{6DEBBD54-2E8D-47F9-B6D6-B7DA7B4E624A}.Release|x86.Build.0 = Release|Any CPU
		{220982ED-E29A-41BC-944B-A1EB533492CD}.Debug|Any CPU.ActiveCfg = Debug|Any CPU
		{220982ED-E29A-41BC-944B-A1EB533492CD}.Debug|Any CPU.Build.0 = Debug|Any CPU
		{220982ED-E29A-41BC-944B-A1EB533492CD}.Debug|x64.ActiveCfg = Debug|Any CPU
		{220982ED-E29A-41BC-944B-A1EB533492CD}.Debug|x64.Build.0 = Debug|Any CPU
		{220982ED-E29A-41BC-944B-A1EB533492CD}.Debug|x86.ActiveCfg = Debug|Any CPU
		{220982ED-E29A-41BC-944B-A1EB533492CD}.Debug|x86.Build.0 = Debug|Any CPU
		{220982ED-E29A-41BC-944B-A1EB533492CD}.Release|Any CPU.ActiveCfg = Release|Any CPU
		{220982ED-E29A-41BC-944B-A1EB533492CD}.Release|Any CPU.Build.0 = Release|Any CPU
		{220982ED-E29A-41BC-944B-A1EB533492CD}.Release|x64.ActiveCfg = Release|Any CPU
		{220982ED-E29A-41BC-944B-A1EB533492CD}.Release|x64.Build.0 = Release|Any CPU
		{220982ED-E29A-41BC-944B-A1EB533492CD}.Release|x86.ActiveCfg = Release|Any CPU
		{220982ED-E29A-41BC-944B-A1EB533492CD}.Release|x86.Build.0 = Release|Any CPU
		{48264709-BA89-46DC-83C8-4F0ADFB2A687}.Debug|Any CPU.ActiveCfg = Debug|Any CPU
		{48264709-BA89-46DC-83C8-4F0ADFB2A687}.Debug|Any CPU.Build.0 = Debug|Any CPU
		{48264709-BA89-46DC-83C8-4F0ADFB2A687}.Debug|x64.ActiveCfg = Debug|Any CPU
		{48264709-BA89-46DC-83C8-4F0ADFB2A687}.Debug|x64.Build.0 = Debug|Any CPU
		{48264709-BA89-46DC-83C8-4F0ADFB2A687}.Debug|x86.ActiveCfg = Debug|Any CPU
		{48264709-BA89-46DC-83C8-4F0ADFB2A687}.Debug|x86.Build.0 = Debug|Any CPU
		{48264709-BA89-46DC-83C8-4F0ADFB2A687}.Release|Any CPU.ActiveCfg = Release|Any CPU
		{48264709-BA89-46DC-83C8-4F0ADFB2A687}.Release|Any CPU.Build.0 = Release|Any CPU
		{48264709-BA89-46DC-83C8-4F0ADFB2A687}.Release|x64.ActiveCfg = Release|Any CPU
		{48264709-BA89-46DC-83C8-4F0ADFB2A687}.Release|x64.Build.0 = Release|Any CPU
		{48264709-BA89-46DC-83C8-4F0ADFB2A687}.Release|x86.ActiveCfg = Release|Any CPU
		{48264709-BA89-46DC-83C8-4F0ADFB2A687}.Release|x86.Build.0 = Release|Any CPU
	EndGlobalSection
EndGlobal
